
Microsoft Visual Studio Solution File, Format Version 12.00
# Visual Studio Version 16
VisualStudioVersion = 16.0.33214.272
MinimumVisualStudioVersion = 10.0.40219.1
Project("{FAE04EC0-301F-11D3-BF4B-00C04F79EFBC}") = "Task_6_PolessUP", "Task_6_PolessUP\Task_6_PolessUP.csproj", "{674A7897-444D-4F19-AE12-DF9E32D88438}"
EndProject
Global
	GlobalSection(SolutionConfigurationPlatforms) = preSolution
		Debug|Any CPU = Debug|Any CPU
		Release|Any CPU = Release|Any CPU
	EndGlobalSection
	GlobalSection(ProjectConfigurationPlatforms) = postSolution
		{674A7897-444D-4F19-AE12-DF9E32D88438}.Debug|Any CPU.ActiveCfg = Debug|Any CPU
		{674A7897-444D-4F19-AE12-DF9E32D88438}.Debug|Any CPU.Build.0 = Debug|Any CPU
		{674A7897-444D-4F19-AE12-DF9E32D88438}.Release|Any CPU.ActiveCfg = Release|Any CPU
		{674A7897-444D-4F19-AE12-DF9E32D88438}.Release|Any CPU.Build.0 = Release|Any CPU
	EndGlobalSection
	GlobalSection(SolutionProperties) = preSolution
		HideSolutionNode = FALSE
	EndGlobalSection
	GlobalSection(ExtensibilityGlobals) = postSolution
		SolutionGuid = {F7531D19-4735-4622-A019-7BE0BF4D63AC}
	EndGlobalSection
EndGlobal
